{
  "version": 4,
  "terraform_version": "1.9.4",
  "serial": 2,
  "lineage": "04ad99c2-a02a-408d-6d97-e0d2afd30222",
  "outputs": {
    "id": {
      "value": "/subscriptions/2255eabc-772e-4727-b801-b2aa417c7bde/resourceGroups/tf-training-test",
      "type": "string"
    }
  },
  "resources": [
    {
      "mode": "managed",
      "type": "azurerm_resource_group",
      "name": "example",
      "provider": "provider[\"registry.terraform.io/hashicorp/azurerm\"]",
      "instances": [
        {
          "schema_version": 0,
          "attributes": {
            "id": "/subscriptions/2255eabc-772e-4727-b801-b2aa417c7bde/resourceGroups/tf-training-test",
            "location": "westeurope",
            "managed_by": "",
            "name": "tf-training-test",
            "tags": null,
            "timeouts": null
          },
          "sensitive_attributes": [],
          "private": "eyJlMmJmYjczMC1lY2FhLTExZTYtOGY4OC0zNDM2M2JjN2M0YzAiOnsiY3JlYXRlIjo1NDAwMDAwMDAwMDAwLCJkZWxldGUiOjU0MDAwMDAwMDAwMDAsInJlYWQiOjMwMDAwMDAwMDAwMCwidXBkYXRlIjo1NDAwMDAwMDAwMDAwfX0="
        }
      ]
    }
  ],
  "check_results": null
}
