{
  "version": 4,
  "terraform_version": "1.9.4",
  "serial": 20,
  "lineage": "bfd21e88-12f4-e445-b428-1e0d8f15fb20",
  "outputs": {},
  "resources": [
    {
      "mode": "managed",
      "type": "azurerm_application_gateway",
      "name": "app-gateway",
      "provider": "provider[\"registry.terraform.io/hashicorp/azurerm\"]",
      "instances": [
        {
          "schema_version": 0,
          "attributes": {
            "authentication_certificate": [],
            "autoscale_configuration": [],
            "backend_address_pool": [
              {
                "fqdns": [],
                "id": "/subscriptions/66c1a89b-461e-42b6-a303-6c3f3901e941/resourceGroups/application-gateway-demo-w87ialgz67/providers/Microsoft.Network/applicationGateways/appgateway/backendAddressPools/BackEndAddressPool",
                "ip_addresses": [],
                "name": "BackEndAddressPool"
              }
            ],
            "backend_http_settings": [
              {
                "affinity_cookie_name": "",
                "authentication_certificate": [],
                "connection_draining": [],
                "cookie_based_affinity": "Disabled",
                "host_name": "",
                "id": "/subscriptions/66c1a89b-461e-42b6-a303-6c3f3901e941/resourceGroups/application-gateway-demo-w87ialgz67/providers/Microsoft.Network/applicationGateways/appgateway/backendHttpSettingsCollection/httpSetting",
                "name": "httpSetting",
                "path": "/",
                "pick_host_name_from_backend_address": false,
                "port": 80,
                "probe_id": "",
                "probe_name": "",
                "protocol": "Http",
                "request_timeout": 1,
                "trusted_root_certificate_names": []
              }
            ],
            "custom_error_configuration": [],
            "enable_http2": false,
            "fips_enabled": false,
            "firewall_policy_id": "",
            "force_firewall_policy_association": false,
            "frontend_ip_configuration": [
              {
                "id": "/subscriptions/66c1a89b-461e-42b6-a303-6c3f3901e941/resourceGroups/application-gateway-demo-w87ialgz67/providers/Microsoft.Network/applicationGateways/appgateway/frontendIPConfigurations/webAppPport",
                "name": "webAppPport",
                "private_ip_address": "",
                "private_ip_address_allocation": "Dynamic",
                "private_link_configuration_id": "",
                "private_link_configuration_name": "",
                "public_ip_address_id": "/subscriptions/66c1a89b-461e-42b6-a303-6c3f3901e941/resourceGroups/application-gateway-demo-w87ialgz67/providers/Microsoft.Network/publicIPAddresses/demo-public-ip",
                "subnet_id": ""
              }
            ],
            "frontend_port": [
              {
                "id": "/subscriptions/66c1a89b-461e-42b6-a303-6c3f3901e941/resourceGroups/application-gateway-demo-w87ialgz67/providers/Microsoft.Network/applicationGateways/appgateway/frontendPorts/webAppPport",
                "name": "webAppPport",
                "port": 80
              }
            ],
            "gateway_ip_configuration": [
              {
                "id": "/subscriptions/66c1a89b-461e-42b6-a303-6c3f3901e941/resourceGroups/application-gateway-demo-w87ialgz67/providers/Microsoft.Network/applicationGateways/appgateway/gatewayIPConfigurations/gateway-ip-config",
                "name": "gateway-ip-config",
                "subnet_id": "/subscriptions/66c1a89b-461e-42b6-a303-6c3f3901e941/resourceGroups/application-gateway-demo-w87ialgz67/providers/Microsoft.Network/virtualNetworks/demo-network/subnets/demo-subnet-1"
              }
            ],
            "global": [],
            "http_listener": [
              {
                "custom_error_configuration": [],
                "firewall_policy_id": "",
                "frontend_ip_configuration_id": "/subscriptions/66c1a89b-461e-42b6-a303-6c3f3901e941/resourceGroups/application-gateway-demo-w87ialgz67/providers/Microsoft.Network/applicationGateways/appgateway/frontendIPConfigurations/webAppPport",
                "frontend_ip_configuration_name": "webAppPport",
                "frontend_port_id": "/subscriptions/66c1a89b-461e-42b6-a303-6c3f3901e941/resourceGroups/application-gateway-demo-w87ialgz67/providers/Microsoft.Network/applicationGateways/appgateway/frontendPorts/webAppPport",
                "frontend_port_name": "webAppPport",
                "host_name": "",
                "host_names": [],
                "id": "/subscriptions/66c1a89b-461e-42b6-a303-6c3f3901e941/resourceGroups/application-gateway-demo-w87ialgz67/providers/Microsoft.Network/applicationGateways/appgateway/httpListeners/httpListener",
                "name": "httpListener",
                "protocol": "Http",
                "require_sni": false,
                "ssl_certificate_id": "",
                "ssl_certificate_name": "",
                "ssl_profile_id": "",
                "ssl_profile_name": ""
              }
            ],
            "id": "/subscriptions/66c1a89b-461e-42b6-a303-6c3f3901e941/resourceGroups/application-gateway-demo-w87ialgz67/providers/Microsoft.Network/applicationGateways/appgateway",
            "identity": [],
            "location": "westeurope",
            "name": "appgateway",
            "private_endpoint_connection": [],
            "private_link_configuration": [],
            "probe": [],
            "redirect_configuration": [],
            "request_routing_rule": [
              {
                "backend_address_pool_id": "/subscriptions/66c1a89b-461e-42b6-a303-6c3f3901e941/resourceGroups/application-gateway-demo-w87ialgz67/providers/Microsoft.Network/applicationGateways/appgateway/backendAddressPools/BackEndAddressPool",
                "backend_address_pool_name": "BackEndAddressPool",
                "backend_http_settings_id": "/subscriptions/66c1a89b-461e-42b6-a303-6c3f3901e941/resourceGroups/application-gateway-demo-w87ialgz67/providers/Microsoft.Network/applicationGateways/appgateway/backendHttpSettingsCollection/httpSetting",
                "backend_http_settings_name": "httpSetting",
                "http_listener_id": "/subscriptions/66c1a89b-461e-42b6-a303-6c3f3901e941/resourceGroups/application-gateway-demo-w87ialgz67/providers/Microsoft.Network/applicationGateways/appgateway/httpListeners/httpListener",
                "http_listener_name": "httpListener",
                "id": "/subscriptions/66c1a89b-461e-42b6-a303-6c3f3901e941/resourceGroups/application-gateway-demo-w87ialgz67/providers/Microsoft.Network/applicationGateways/appgateway/requestRoutingRules/httpRoutingRule",
                "name": "httpRoutingRule",
                "priority": 9,
                "redirect_configuration_id": "",
                "redirect_configuration_name": "",
                "rewrite_rule_set_id": "",
                "rewrite_rule_set_name": "",
                "rule_type": "Basic",
                "url_path_map_id": "",
                "url_path_map_name": ""
              }
            ],
            "resource_group_name": "application-gateway-demo-w87ialgz67",
            "rewrite_rule_set": [],
            "sku": [
              {
                "capacity": 2,
                "name": "Standard_v2",
                "tier": "Standard_v2"
              }
            ],
            "ssl_certificate": [],
            "ssl_policy": [
              {
                "cipher_suites": [],
                "disabled_protocols": [],
                "min_protocol_version": "",
                "policy_name": "AppGwSslPolicy20220101",
                "policy_type": "Predefined"
              }
            ],
            "ssl_profile": [],
            "tags": {},
            "timeouts": null,
            "trusted_client_certificate": [],
            "trusted_root_certificate": [],
            "url_path_map": [],
            "waf_configuration": [],
            "zones": []
          },
          "sensitive_attributes": [],
          "private": "eyJlMmJmYjczMC1lY2FhLTExZTYtOGY4OC0zNDM2M2JjN2M0YzAiOnsiY3JlYXRlIjo1NDAwMDAwMDAwMDAwLCJkZWxldGUiOjU0MDAwMDAwMDAwMDAsInJlYWQiOjMwMDAwMDAwMDAwMCwidXBkYXRlIjo1NDAwMDAwMDAwMDAwfX0=",
          "dependencies": [
            "azurerm_public_ip.demo",
            "azurerm_resource_group.demo",
            "azurerm_subnet.demo-subnet-1",
            "azurerm_virtual_network.demo",
            "random_string.random-name"
          ]
        }
      ]
    },
    {
      "mode": "managed",
      "type": "azurerm_linux_virtual_machine_scale_set",
      "name": "demo",
      "provider": "provider[\"registry.terraform.io/hashicorp/azurerm\"]",
      "instances": [
        {
          "schema_version": 0,
          "attributes": {
            "additional_capabilities": [],
            "admin_password": null,
            "admin_ssh_key": [
              {
                "public_key": "ssh-rsa AAAAB3NzaC1yc2EAAAADAQABAAACAQC6+/wvkexNUquRcifobzE3RTIYOMM32bgftt/LzURCFQ875fYfpuw6tJSz5luy3ZL2Mz6FzzGPUR1vvanmbzD3D3s0BknXylj2PptiUmaBmts+/JyxZyxosXJBGeXB30mn2GZSEVRJPPIbSukA7kId1IAqFKCq8TXSlAPXfkwF4mYd1MSvQncP+R3cINPqUM4gZDzjkq8/AotDURBO/xIZKC1T7OB/YNUhp9TIMpjwWPBs+B+7wyJOFgW8YlVKDTj30xfZoTAQ23OmwZvsMpr+pXz3xnnMdjnSIneSnYb8gWnUsIygEopXPadDA3eQ++S0DilMupe9XXUqSchzqYtYS1QG9810BDHC90UWh5dlwaNJGDGsKzqnYm+RkBN4Age0ujrt5AXzrDZ1W1JzZrptZDMiDBQw1VV5z675gDRHWehLGDqZsCAOlA+IUXDGS4Yhv7lEAwe/rylymsi5L9pb07Ur8GJtO2dz/WZQch/b6C9AJMpKniKkQGiQ5PTNj05awTZeJqNCFdnJ4uDgsaQBQRnxXubKhQ/RpsFC5YszVz5AWkVfKhHkSyM5HLJvF67RXM827R8+W3ngFUTzeJIzC5MGd/A6ON2gf5AbEh1bP6x3kMzCI7gqELDjKkoHd3zJpMhcGOfe0fQ178sNo38aPsTMGzBNExxa1lJ4JYV3gQ== nagna@Kiyansh\r\n",
                "username": "demo"
              }
            ],
            "admin_username": "demo",
            "automatic_instance_repair": [],
            "automatic_os_upgrade_policy": [],
            "boot_diagnostics": [],
            "capacity_reservation_group_id": "",
            "computer_name_prefix": "mytestscaleset-1",
            "custom_data": null,
            "data_disk": [],
            "disable_password_authentication": true,
            "do_not_run_extensions_on_overprovisioned_machines": false,
            "edge_zone": "",
            "encryption_at_host_enabled": false,
            "eviction_policy": "",
            "extension": [
              {
                "auto_upgrade_minor_version": true,
                "automatic_upgrade_enabled": false,
                "force_update_tag": "",
                "name": "InstallCustomScript",
                "protected_settings": "",
                "protected_settings_from_key_vault": [],
                "provision_after_extensions": [],
                "publisher": "Microsoft.Azure.Extensions",
                "settings": "        {\n          \"fileUris\": [\"https://raw.githubusercontent.com/in4it/terraform-azure-course/master/application-gateway/install_nginx.sh\"],\n          \"commandToExecute\": \"./install_nginx.sh\"\n        }\n",
                "type": "CustomScript",
                "type_handler_version": "2.0"
              }
            ],
            "extension_operations_enabled": true,
            "extensions_time_budget": "PT1H30M",
            "gallery_application": [],
            "health_probe_id": "",
            "host_group_id": null,
            "id": "/subscriptions/66c1a89b-461e-42b6-a303-6c3f3901e941/resourceGroups/application-gateway-demo-w87ialgz67/providers/Microsoft.Compute/virtualMachineScaleSets/mytestscaleset-1",
            "identity": [],
            "instances": 2,
            "location": "westeurope",
            "max_bid_price": -1,
            "name": "mytestscaleset-1",
            "network_interface": [
              {
                "dns_servers": null,
                "enable_accelerated_networking": false,
                "enable_ip_forwarding": false,
                "ip_configuration": [
                  {
                    "application_gateway_backend_address_pool_ids": [
                      "/subscriptions/66c1a89b-461e-42b6-a303-6c3f3901e941/resourceGroups/application-gateway-demo-w87ialgz67/providers/Microsoft.Network/applicationGateways/appgateway/backendAddressPools/BackEndAddressPool"
                    ],
                    "application_security_group_ids": null,
                    "load_balancer_backend_address_pool_ids": null,
                    "load_balancer_inbound_nat_rules_ids": null,
                    "name": "IPConfiguration",
                    "primary": true,
                    "public_ip_address": [],
                    "subnet_id": "/subscriptions/66c1a89b-461e-42b6-a303-6c3f3901e941/resourceGroups/application-gateway-demo-w87ialgz67/providers/Microsoft.Network/virtualNetworks/demo-network/subnets/demo-subnet-2",
                    "version": "IPv4"
                  }
                ],
                "name": "networkprofile",
                "network_security_group_id": "/subscriptions/66c1a89b-461e-42b6-a303-6c3f3901e941/resourceGroups/application-gateway-demo-w87ialgz67/providers/Microsoft.Network/networkSecurityGroups/demo-instance-nsg",
                "primary": true
              }
            ],
            "os_disk": [
              {
                "caching": "ReadWrite",
                "diff_disk_settings": [],
                "disk_encryption_set_id": "",
                "disk_size_gb": 30,
                "secure_vm_disk_encryption_set_id": "",
                "security_encryption_type": "",
                "storage_account_type": "Standard_LRS",
                "write_accelerator_enabled": false
              }
            ],
            "overprovision": true,
            "plan": [],
            "platform_fault_domain_count": 5,
            "priority": "Regular",
            "provision_vm_agent": true,
            "proximity_placement_group_id": "",
            "resource_group_name": "application-gateway-demo-w87ialgz67",
            "rolling_upgrade_policy": [],
            "scale_in": [],
            "secret": [],
            "secure_boot_enabled": false,
            "single_placement_group": true,
            "sku": "Standard_B1s",
            "source_image_id": "",
            "source_image_reference": [
              {
                "offer": "0001-com-ubuntu-server-jammy",
                "publisher": "Canonical",
                "sku": "22_04-lts-gen2",
                "version": "latest"
              }
            ],
            "spot_restore": null,
            "tags": null,
            "termination_notification": null,
            "timeouts": null,
            "unique_id": "05d1b078-2a18-48e7-95e6-3c3fa64a5361",
            "upgrade_mode": "Manual",
            "user_data": "",
            "vtpm_enabled": false,
            "zone_balance": false,
            "zones": null
          },
          "sensitive_attributes": [
            [
              {
                "type": "get_attr",
                "value": "custom_data"
              }
            ],
            [
              {
                "type": "get_attr",
                "value": "extension"
              }
            ],
            [
              {
                "type": "get_attr",
                "value": "admin_password"
              }
            ]
          ],
          "private": "eyJlMmJmYjczMC1lY2FhLTExZTYtOGY4OC0zNDM2M2JjN2M0YzAiOnsiY3JlYXRlIjozNjAwMDAwMDAwMDAwLCJkZWxldGUiOjM2MDAwMDAwMDAwMDAsInJlYWQiOjMwMDAwMDAwMDAwMCwidXBkYXRlIjozNjAwMDAwMDAwMDAwfX0=",
          "dependencies": [
            "azurerm_application_gateway.app-gateway",
            "azurerm_network_security_group.demo-instance",
            "azurerm_public_ip.demo",
            "azurerm_resource_group.demo",
            "azurerm_subnet.demo-subnet-1",
            "azurerm_subnet.demo-subnet-2",
            "azurerm_virtual_network.demo",
            "random_string.random-name"
          ]
        }
      ]
    },
    {
      "mode": "managed",
      "type": "azurerm_network_security_group",
      "name": "demo-instance",
      "provider": "provider[\"registry.terraform.io/hashicorp/azurerm\"]",
      "instances": [
        {
          "schema_version": 0,
          "attributes": {
            "id": "/subscriptions/66c1a89b-461e-42b6-a303-6c3f3901e941/resourceGroups/application-gateway-demo-w87ialgz67/providers/Microsoft.Network/networkSecurityGroups/demo-instance-nsg",
            "location": "westeurope",
            "name": "demo-instance-nsg",
            "resource_group_name": "application-gateway-demo-w87ialgz67",
            "security_rule": [
              {
                "access": "Allow",
                "description": "",
                "destination_address_prefix": "*",
                "destination_address_prefixes": [],
                "destination_application_security_group_ids": [],
                "destination_port_range": "22",
                "destination_port_ranges": [],
                "direction": "Inbound",
                "name": "SSH",
                "priority": 1002,
                "protocol": "Tcp",
                "source_address_prefix": "*",
                "source_address_prefixes": [],
                "source_application_security_group_ids": [],
                "source_port_range": "*",
                "source_port_ranges": []
              },
              {
                "access": "Allow",
                "description": "",
                "destination_address_prefix": "*",
                "destination_address_prefixes": [],
                "destination_application_security_group_ids": [],
                "destination_port_range": "80",
                "destination_port_ranges": [],
                "direction": "Inbound",
                "name": "HTTP",
                "priority": 1001,
                "protocol": "Tcp",
                "source_address_prefix": "*",
                "source_address_prefixes": [],
                "source_application_security_group_ids": [],
                "source_port_range": "*",
                "source_port_ranges": []
              }
            ],
            "tags": {},
            "timeouts": null
          },
          "sensitive_attributes": [],
          "private": "eyJlMmJmYjczMC1lY2FhLTExZTYtOGY4OC0zNDM2M2JjN2M0YzAiOnsiY3JlYXRlIjoxODAwMDAwMDAwMDAwLCJkZWxldGUiOjE4MDAwMDAwMDAwMDAsInJlYWQiOjMwMDAwMDAwMDAwMCwidXBkYXRlIjoxODAwMDAwMDAwMDAwfX0=",
          "dependencies": [
            "azurerm_resource_group.demo",
            "random_string.random-name"
          ]
        }
      ]
    },
    {
      "mode": "managed",
      "type": "azurerm_public_ip",
      "name": "demo",
      "provider": "provider[\"registry.terraform.io/hashicorp/azurerm\"]",
      "instances": [
        {
          "schema_version": 0,
          "attributes": {
            "allocation_method": "Static",
            "ddos_protection_mode": "VirtualNetworkInherited",
            "ddos_protection_plan_id": null,
            "domain_name_label": "application-gateway-demo-w87ialgz67",
            "edge_zone": "",
            "fqdn": "application-gateway-demo-w87ialgz67.westeurope.cloudapp.azure.com",
            "id": "/subscriptions/66c1a89b-461e-42b6-a303-6c3f3901e941/resourceGroups/application-gateway-demo-w87ialgz67/providers/Microsoft.Network/publicIPAddresses/demo-public-ip",
            "idle_timeout_in_minutes": 4,
            "ip_address": "52.166.240.163",
            "ip_tags": {},
            "ip_version": "IPv4",
            "location": "westeurope",
            "name": "demo-public-ip",
            "public_ip_prefix_id": null,
            "resource_group_name": "application-gateway-demo-w87ialgz67",
            "reverse_fqdn": "",
            "sku": "Standard",
            "sku_tier": "Regional",
            "tags": {},
            "timeouts": null,
            "zones": []
          },
          "sensitive_attributes": [],
          "private": "eyJlMmJmYjczMC1lY2FhLTExZTYtOGY4OC0zNDM2M2JjN2M0YzAiOnsiY3JlYXRlIjoxODAwMDAwMDAwMDAwLCJkZWxldGUiOjE4MDAwMDAwMDAwMDAsInJlYWQiOjMwMDAwMDAwMDAwMCwidXBkYXRlIjoxODAwMDAwMDAwMDAwfX0=",
          "dependencies": [
            "azurerm_resource_group.demo",
            "random_string.random-name"
          ]
        }
      ]
    },
    {
      "mode": "managed",
      "type": "azurerm_resource_group",
      "name": "demo",
      "provider": "provider[\"registry.terraform.io/hashicorp/azurerm\"]",
      "instances": [
        {
          "schema_version": 0,
          "attributes": {
            "id": "/subscriptions/66c1a89b-461e-42b6-a303-6c3f3901e941/resourceGroups/application-gateway-demo-w87ialgz67",
            "location": "westeurope",
            "managed_by": "",
            "name": "application-gateway-demo-w87ialgz67",
            "tags": {},
            "timeouts": null
          },
          "sensitive_attributes": [],
          "private": "eyJlMmJmYjczMC1lY2FhLTExZTYtOGY4OC0zNDM2M2JjN2M0YzAiOnsiY3JlYXRlIjo1NDAwMDAwMDAwMDAwLCJkZWxldGUiOjU0MDAwMDAwMDAwMDAsInJlYWQiOjMwMDAwMDAwMDAwMCwidXBkYXRlIjo1NDAwMDAwMDAwMDAwfX0=",
          "dependencies": [
            "random_string.random-name"
          ]
        }
      ]
    },
    {
      "mode": "managed",
      "type": "azurerm_subnet",
      "name": "demo-subnet-1",
      "provider": "provider[\"registry.terraform.io/hashicorp/azurerm\"]",
      "instances": [
        {
          "schema_version": 0,
          "attributes": {
            "address_prefixes": [
              "10.0.0.0/24"
            ],
            "default_outbound_access_enabled": true,
            "delegation": [],
            "id": "/subscriptions/66c1a89b-461e-42b6-a303-6c3f3901e941/resourceGroups/application-gateway-demo-w87ialgz67/providers/Microsoft.Network/virtualNetworks/demo-network/subnets/demo-subnet-1",
            "name": "demo-subnet-1",
            "private_endpoint_network_policies": "Disabled",
            "private_link_service_network_policies_enabled": true,
            "resource_group_name": "application-gateway-demo-w87ialgz67",
            "service_endpoint_policy_ids": [],
            "service_endpoints": [],
            "timeouts": null,
            "virtual_network_name": "demo-network"
          },
          "sensitive_attributes": [],
          "private": "eyJlMmJmYjczMC1lY2FhLTExZTYtOGY4OC0zNDM2M2JjN2M0YzAiOnsiY3JlYXRlIjoxODAwMDAwMDAwMDAwLCJkZWxldGUiOjE4MDAwMDAwMDAwMDAsInJlYWQiOjMwMDAwMDAwMDAwMCwidXBkYXRlIjoxODAwMDAwMDAwMDAwfX0=",
          "dependencies": [
            "azurerm_resource_group.demo",
            "azurerm_virtual_network.demo",
            "random_string.random-name"
          ]
        }
      ]
    },
    {
      "mode": "managed",
      "type": "azurerm_subnet",
      "name": "demo-subnet-2",
      "provider": "provider[\"registry.terraform.io/hashicorp/azurerm\"]",
      "instances": [
        {
          "schema_version": 0,
          "attributes": {
            "address_prefixes": [
              "10.0.2.0/24"
            ],
            "default_outbound_access_enabled": true,
            "delegation": [],
            "id": "/subscriptions/66c1a89b-461e-42b6-a303-6c3f3901e941/resourceGroups/application-gateway-demo-w87ialgz67/providers/Microsoft.Network/virtualNetworks/demo-network/subnets/demo-subnet-2",
            "name": "demo-subnet-2",
            "private_endpoint_network_policies": "Disabled",
            "private_link_service_network_policies_enabled": true,
            "resource_group_name": "application-gateway-demo-w87ialgz67",
            "service_endpoint_policy_ids": [],
            "service_endpoints": [],
            "timeouts": null,
            "virtual_network_name": "demo-network"
          },
          "sensitive_attributes": [],
          "private": "eyJlMmJmYjczMC1lY2FhLTExZTYtOGY4OC0zNDM2M2JjN2M0YzAiOnsiY3JlYXRlIjoxODAwMDAwMDAwMDAwLCJkZWxldGUiOjE4MDAwMDAwMDAwMDAsInJlYWQiOjMwMDAwMDAwMDAwMCwidXBkYXRlIjoxODAwMDAwMDAwMDAwfX0=",
          "dependencies": [
            "azurerm_resource_group.demo",
            "azurerm_virtual_network.demo",
            "random_string.random-name"
          ]
        }
      ]
    },
    {
      "mode": "managed",
      "type": "azurerm_virtual_network",
      "name": "demo",
      "provider": "provider[\"registry.terraform.io/hashicorp/azurerm\"]",
      "instances": [
        {
          "schema_version": 0,
          "attributes": {
            "address_space": [
              "10.0.0.0/16"
            ],
            "bgp_community": "",
            "ddos_protection_plan": [],
            "dns_servers": [],
            "edge_zone": "",
            "encryption": [],
            "flow_timeout_in_minutes": 0,
            "guid": "7bc16311-9e50-4427-b378-aabf057366b4",
            "id": "/subscriptions/66c1a89b-461e-42b6-a303-6c3f3901e941/resourceGroups/application-gateway-demo-w87ialgz67/providers/Microsoft.Network/virtualNetworks/demo-network",
            "location": "westeurope",
            "name": "demo-network",
            "resource_group_name": "application-gateway-demo-w87ialgz67",
            "subnet": [
              {
                "address_prefixes": [
                  "10.0.0.0/24"
                ],
                "default_outbound_access_enabled": true,
                "delegation": [],
                "id": "/subscriptions/66c1a89b-461e-42b6-a303-6c3f3901e941/resourceGroups/application-gateway-demo-w87ialgz67/providers/Microsoft.Network/virtualNetworks/demo-network/subnets/demo-subnet-1",
                "name": "demo-subnet-1",
                "private_endpoint_network_policies": "Disabled",
                "private_link_service_network_policies_enabled": true,
                "route_table_id": "",
                "security_group": "",
                "service_endpoint_policy_ids": [],
                "service_endpoints": []
              },
              {
                "address_prefixes": [
                  "10.0.2.0/24"
                ],
                "default_outbound_access_enabled": true,
                "delegation": [],
                "id": "/subscriptions/66c1a89b-461e-42b6-a303-6c3f3901e941/resourceGroups/application-gateway-demo-w87ialgz67/providers/Microsoft.Network/virtualNetworks/demo-network/subnets/demo-subnet-2",
                "name": "demo-subnet-2",
                "private_endpoint_network_policies": "Disabled",
                "private_link_service_network_policies_enabled": true,
                "route_table_id": "",
                "security_group": "",
                "service_endpoint_policy_ids": [],
                "service_endpoints": []
              }
            ],
            "tags": {},
            "timeouts": null
          },
          "sensitive_attributes": [],
          "private": "eyJlMmJmYjczMC1lY2FhLTExZTYtOGY4OC0zNDM2M2JjN2M0YzAiOnsiY3JlYXRlIjoxODAwMDAwMDAwMDAwLCJkZWxldGUiOjE4MDAwMDAwMDAwMDAsInJlYWQiOjMwMDAwMDAwMDAwMCwidXBkYXRlIjoxODAwMDAwMDAwMDAwfX0=",
          "dependencies": [
            "azurerm_resource_group.demo",
            "random_string.random-name"
          ]
        }
      ]
    },
    {
      "mode": "managed",
      "type": "random_string",
      "name": "random-name",
      "provider": "provider[\"registry.terraform.io/hashicorp/random\"]",
      "instances": [
        {
          "schema_version": 2,
          "attributes": {
            "id": "w87ialgz67",
            "keepers": null,
            "length": 10,
            "lower": true,
            "min_lower": 0,
            "min_numeric": 0,
            "min_special": 0,
            "min_upper": 0,
            "number": true,
            "numeric": true,
            "override_special": null,
            "result": "w87ialgz67",
            "special": false,
            "upper": false
          },
          "sensitive_attributes": []
        }
      ]
    }
  ],
  "check_results": null
}
